# THIS IS AN AUTOGENERATED FILE. DO NOT EDIT THIS FILE DIRECTLY.
# yarn lockfile v1


"@circleci/circleci-config-sdk@0.12.0":
  version "0.12.0"
  resolved "https://registry.yarnpkg.com/@circleci/circleci-config-sdk/-/circleci-config-sdk-0.12.0.tgz#14dc64c809742ccd6ab2abb9753a825542dfff15"
  integrity sha512-rh2/yD/kayBa5UjJnDyj5EsXyPrTHC/szzAMYiRMkfkbYrkb47SNn6h7FxNBKAGroj5oncv+ekh5OrPI0CD8fw==
  dependencies:
    browser-or-node "^2.0.0"
    yaml "2.1.1"

browser-or-node@^2.0.0:
  version "2.1.1"
  resolved "https://registry.yarnpkg.com/browser-or-node/-/browser-or-node-2.1.1.tgz#738790b3a86a8fc020193fa581273fbe65eaea0f"
  integrity sha512-8CVjaLJGuSKMVTxJ2DpBl5XnlNDiT4cQFeuCJJrvJmts9YrTZDizTX7PjC2s6W4x+MBGZeEY6dGMrF04/6Hgqg==

typescript@4.9.4:
  version "4.9.4"
  resolved "https://registry.yarnpkg.com/typescript/-/typescript-4.9.4.tgz#a2a3d2756c079abda241d75f149df9d561091e78"
  integrity sha512-Uz+dTXYzxXXbsFpM86Wh3dKCxrQqUcVMxwU54orwlJjOpO3ao8L7j5lH+dWfTwgCwIuM9GQ2kvVotzYJMXTBZg==

yaml@2.1.1:
  version "2.1.1"
  resolved "https://registry.yarnpkg.com/yaml/-/yaml-2.1.1.tgz#1e06fb4ca46e60d9da07e4f786ea370ed3c3cfec"
  integrity sha512-o96x3OPo8GjWeSLF+wOAbrPfhFOGY0W00GNaxCDv+9hkcDJEnev1yh8S7pgHF0ik6zc8sQLuL8hjHjJULZp8bw==
